
Microsoft Visual Studio Solution File, Format Version 12.00
# Visual Studio Version 16
VisualStudioVersion = 16.0.31005.135
MinimumVisualStudioVersion = 10.0.40219.1
Project("{FAE04EC0-301F-11D3-BF4B-00C04F79EFBC}") = "lab2_2", "lab2_2\lab2_2.csproj", "{8E059ED2-5DEE-41AF-A7F9-18EDF533EEA7}"
EndProject
Global
	GlobalSection(SolutionConfigurationPlatforms) = preSolution
		Debug|Any CPU = Debug|Any CPU
		Release|Any CPU = Release|Any CPU
	EndGlobalSection
	GlobalSection(ProjectConfigurationPlatforms) = postSolution
		{8E059ED2-5DEE-41AF-A7F9-18EDF533EEA7}.Debug|Any CPU.ActiveCfg = Debug|Any CPU
		{8E059ED2-5DEE-41AF-A7F9-18EDF533EEA7}.Debug|Any CPU.Build.0 = Debug|Any CPU
		{8E059ED2-5DEE-41AF-A7F9-18EDF533EEA7}.Release|Any CPU.ActiveCfg = Release|Any CPU
		{8E059ED2-5DEE-41AF-A7F9-18EDF533EEA7}.Release|Any CPU.Build.0 = Release|Any CPU
	EndGlobalSection
	GlobalSection(SolutionProperties) = preSolution
		HideSolutionNode = FALSE
	EndGlobalSection
	GlobalSection(ExtensibilityGlobals) = postSolution
		SolutionGuid = {4973AFF3-EBFB-49AB-AA22-DE89339026FE}
	EndGlobalSection
EndGlobal
